
Microsoft Visual Studio Solution File, Format Version 12.00
# Visual Studio Version 17
VisualStudioVersion = 17.9.34723.18
MinimumVisualStudioVersion = 10.0.40219.1
Project("{8BC9CEB8-8B4A-11D0-8D11-00A0C91BC942}") = "2D RPG", "2D RPG.vcxproj", "{B88A8E9D-1357-4020-AC47-7326CAC0E145}"
EndProject
Global
	GlobalSection(SolutionConfigurationPlatforms) = preSolution
		Debug|x64 = Debug|x64
		Debug|x86 = Debug|x86
		Release|x64 = Release|x64
		Release|x86 = Release|x86
	EndGlobalSection
	GlobalSection(ProjectConfigurationPlatforms) = postSolution
		{B88A8E9D-1357-4020-AC47-7326CAC0E145}.Debug|x64.ActiveCfg = Debug|x64
		{B88A8E9D-1357-4020-AC47-7326CAC0E145}.Debug|x64.Build.0 = Debug|x64
		{B88A8E9D-1357-4020-AC47-7326CAC0E145}.Debug|x86.ActiveCfg = Debug|Win32
		{B88A8E9D-1357-4020-AC47-7326CAC0E145}.Debug|x86.Build.0 = Debug|Win32
		{B88A8E9D-1357-4020-AC47-7326CAC0E145}.Release|x64.ActiveCfg = Release|x64
		{B88A8E9D-1357-4020-AC47-7326CAC0E145}.Release|x64.Build.0 = Release|x64
		{B88A8E9D-1357-4020-AC47-7326CAC0E145}.Release|x86.ActiveCfg = Release|Win32
		{B88A8E9D-1357-4020-AC47-7326CAC0E145}.Release|x86.Build.0 = Release|Win32
	EndGlobalSection
	GlobalSection(SolutionProperties) = preSolution
		HideSolutionNode = FALSE
	EndGlobalSection
	GlobalSection(ExtensibilityGlobals) = postSolution
		SolutionGuid = {23590028-5A84-4E07-BBC1-0DD3AE048152}
	EndGlobalSection
EndGlobal
